{
  "name": "hospital",
  "version": "1.0.0",
  "lockfileVersion": 1,
  "requires": true,
  "dependencies": {
    "@popperjs/core": {
      "version": "2.11.8",
      "resolved": "https://registry.npmjs.org/@popperjs/core/-/core-2.11.8.tgz",
      "integrity": "sha512-P1st0aksCrn9sGZhp8GMYwBnQsbvAWsZAX44oXNNvLHGqAOcoVxmjZiohstwQ7SqKnbR47akdNi+uleWD8+g6A=="
    },
    "@uirouter/angularjs": {
      "version": "1.1.0",
      "resolved": "https://registry.npmjs.org/@uirouter/angularjs/-/angularjs-1.1.0.tgz",
      "integrity": "sha512-AhgxXhMfN6FU2HxDQqwDPbzmd6kTgvYCgV/kgoCAXfxAH6cFQrifViToC90Wdg6djBynHwA3L/KYP+iOYHkw6A=="
    },
    "@uirouter/core": {
      "version": "6.0.8",
      "resolved": "https://registry.npmjs.org/@uirouter/core/-/core-6.0.8.tgz",
      "integrity": "sha512-Gc/BAW47i4L54p8dqYCJJZuv2s3tqlXQ0fvl6Zp2xrblELPVfxmjnc0eurx3XwfQdaqm3T6uls6tQKkof/4QMw=="
    },
    "angular": {
      "version": "1.8.2",
      "resolved": "https://registry.npmjs.org/angular/-/angular-1.8.2.tgz",
      "integrity": "sha512-IauMOej2xEe7/7Ennahkbb5qd/HFADiNuLSESz9Q27inmi32zB0lnAsFeLEWcox3Gd1F6YhNd1CP7/9IukJ0Gw=="
    },
    "angular-ui-bootstrap": {
      "version": "2.5.6",
      "resolved": "https://registry.npmjs.org/angular-ui-bootstrap/-/angular-ui-bootstrap-2.5.6.tgz",
      "integrity": "sha512-yzcHpPMLQl0232nDzm5P4iAFTFQ9dMw0QgFLuKYbDj9M0xJ62z0oudYD/Lvh1pWfRsukiytP4Xj6BHOSrSXP8A=="
    },
    "angular-ui-router": {
      "version": "1.0.30",
      "resolved": "https://registry.npmjs.org/angular-ui-router/-/angular-ui-router-1.0.30.tgz",
      "integrity": "sha512-8xMpxbOtCJbRnGR1fhbyZ5BhFXr3zs1L2ytXQiBACTJjot309QNFFCaWx0lDM2eVXp8qte4idigU9gwWdspmtQ==",
      "requires": {
        "@uirouter/core": "6.0.8"
      }
    },
    "bootstrap": {
      "version": "5.3.2",
      "resolved": "https://registry.npmjs.org/bootstrap/-/bootstrap-5.3.2.tgz",
      "integrity": "sha512-D32nmNWiQHo94BKHLmOrdjlL05q1c8oxbtBphQFb9Z5to6eGRDCm0QgeaZ4zFBHzfg2++rqa2JkqCcxDy0sH0g=="
    },
    "bootstrap-icons": {
      "version": "1.11.0",
      "resolved": "https://registry.npmjs.org/bootstrap-icons/-/bootstrap-icons-1.11.0.tgz",
      "integrity": "sha512-bLTbtACfUqwZf6f/xUYUb7bTRZC68QaQwwy9h1b96NPKfnwqzSatHqDypW6R2CBW7zUE7lP+O93GdZuPY3RIHA=="
    },
    "jquery": {
      "version": "3.7.1",
      "resolved": "https://registry.npmjs.org/jquery/-/jquery-3.7.1.tgz",
      "integrity": "sha512-m4avr8yL8kmFN8psrbFFFmB/If14iN5o9nw/NgnnM+kybDJpRsAynV2BsfpTYrTRysYUdADVD7CkUUizgkpLfg=="
    },
    "sweetalert2": {
      "version": "11.7.28",
      "resolved": "https://registry.npmjs.org/sweetalert2/-/sweetalert2-11.7.28.tgz",
      "integrity": "sha512-9895DVuYTDlV4Hx4IJablFKMdSqzwpy0PKycztbO4cXnOeVMmw55weOq4gcZAh3/tAyunCKjApFDrlSAcswwcA=="
    }
  }
}
